// !$*UTF8*$!
{
	archiveVersion = 1;
	classes = {
	};
	objectVersion = 50;
	objects = {

/* Begin PBXBuildFile section */
		3F1F705D2706C70100CB3C42 /* Extensions.swift in Sources */ = {isa = PBXBuildFile; fileRef = 3F1F705C2706C70100CB3C42 /* Extensions.swift */; };
		3F54B11226FB228200D8B452 /* AccountCollectionViewCell.swift in Sources */ = {isa = PBXBuildFile; fileRef = 3F54B11026FB228200D8B452 /* AccountCollectionViewCell.swift */; };
		3F72986F2711D7E400ADD6C5 /* BrokerUser.swift in Sources */ = {isa = PBXBuildFile; fileRef = 3F72986E2711D7E400ADD6C5 /* BrokerUser.swift */; };
		3F7298712711EA3E00ADD6C5 /* BrokerAccount.swift in Sources */ = {isa = PBXBuildFile; fileRef = 3F7298702711EA3E00ADD6C5 /* BrokerAccount.swift */; };
		3F8C032626FDBB0A00B94D39 /* PricedPosition.swift in Sources */ = {isa = PBXBuildFile; fileRef = 3F8C032426FDBB0A00B94D39 /* PricedPosition.swift */; };
		3F8C032726FDBB0A00B94D39 /* TinkoffBroker.swift in Sources */ = {isa = PBXBuildFile; fileRef = 3F8C032526FDBB0A00B94D39 /* TinkoffBroker.swift */; };
		3F8C032A26FDC94B00B94D39 /* PositionCell.swift in Sources */ = {isa = PBXBuildFile; fileRef = 3F8C032926FDC94B00B94D39 /* PositionCell.swift */; };
		3F95F84C2657847E00A4A9F3 /* AppDelegate.swift in Sources */ = {isa = PBXBuildFile; fileRef = 3F95F84B2657847E00A4A9F3 /* AppDelegate.swift */; };
		3F95F84E2657847E00A4A9F3 /* SceneDelegate.swift in Sources */ = {isa = PBXBuildFile; fileRef = 3F95F84D2657847E00A4A9F3 /* SceneDelegate.swift */; };
		3F95F8502657847E00A4A9F3 /* ViewController.swift in Sources */ = {isa = PBXBuildFile; fileRef = 3F95F84F2657847E00A4A9F3 /* ViewController.swift */; };
		3F95F8532657847F00A4A9F3 /* Main.storyboard in Resources */ = {isa = PBXBuildFile; fileRef = 3F95F8512657847F00A4A9F3 /* Main.storyboard */; };
		3F95F8562657847F00A4A9F3 /* TinkoffStocks.xcdatamodeld in Sources */ = {isa = PBXBuildFile; fileRef = 3F95F8542657847F00A4A9F3 /* TinkoffStocks.xcdatamodeld */; };
		3F95F8582657848300A4A9F3 /* Assets.xcassets in Resources */ = {isa = PBXBuildFile; fileRef = 3F95F8572657848300A4A9F3 /* Assets.xcassets */; };
		3F95F85B2657848300A4A9F3 /* LaunchScreen.storyboard in Resources */ = {isa = PBXBuildFile; fileRef = 3F95F8592657848300A4A9F3 /* LaunchScreen.storyboard */; };
/* End PBXBuildFile section */

/* Begin PBXFileReference section */
		3F1F705C2706C70100CB3C42 /* Extensions.swift */ = {isa = PBXFileReference; lastKnownFileType = sourcecode.swift; path = Extensions.swift; sourceTree = "<group>"; };
		3F54B11026FB228200D8B452 /* AccountCollectionViewCell.swift */ = {isa = PBXFileReference; lastKnownFileType = sourcecode.swift; name = AccountCollectionViewCell.swift; path = TinkoffStocks/Views/AccountCollectionViewCell.swift; sourceTree = SOURCE_ROOT; };
		3F72986E2711D7E400ADD6C5 /* BrokerUser.swift */ = {isa = PBXFileReference; lastKnownFileType = sourcecode.swift; path = BrokerUser.swift; sourceTree = "<group>"; };
		3F7298702711EA3E00ADD6C5 /* BrokerAccount.swift */ = {isa = PBXFileReference; lastKnownFileType = sourcecode.swift; path = BrokerAccount.swift; sourceTree = "<group>"; };
		3F8C032426FDBB0A00B94D39 /* PricedPosition.swift */ = {isa = PBXFileReference; fileEncoding = 4; lastKnownFileType = sourcecode.swift; path = PricedPosition.swift; sourceTree = "<group>"; };
		3F8C032526FDBB0A00B94D39 /* TinkoffBroker.swift */ = {isa = PBXFileReference; fileEncoding = 4; lastKnownFileType = sourcecode.swift; path = TinkoffBroker.swift; sourceTree = "<group>"; };
		3F8C032926FDC94B00B94D39 /* PositionCell.swift */ = {isa = PBXFileReference; lastKnownFileType = sourcecode.swift; path = PositionCell.swift; sourceTree = "<group>"; };
		3F95F8482657847E00A4A9F3 /* TinkoffStocks.app */ = {isa = PBXFileReference; explicitFileType = wrapper.application; includeInIndex = 0; path = TinkoffStocks.app; sourceTree = BUILT_PRODUCTS_DIR; };
		3F95F84B2657847E00A4A9F3 /* AppDelegate.swift */ = {isa = PBXFileReference; lastKnownFileType = sourcecode.swift; path = AppDelegate.swift; sourceTree = "<group>"; };
		3F95F84D2657847E00A4A9F3 /* SceneDelegate.swift */ = {isa = PBXFileReference; lastKnownFileType = sourcecode.swift; path = SceneDelegate.swift; sourceTree = "<group>"; };
		3F95F84F2657847E00A4A9F3 /* ViewController.swift */ = {isa = PBXFileReference; lastKnownFileType = sourcecode.swift; path = ViewController.swift; sourceTree = "<group>"; };
		3F95F8522657847F00A4A9F3 /* Base */ = {isa = PBXFileReference; lastKnownFileType = file.storyboard; name = Base; path = Base.lproj/Main.storyboard; sourceTree = "<group>"; };
		3F95F8552657847F00A4A9F3 /* TinkoffStocks.xcdatamodel */ = {isa = PBXFileReference; lastKnownFileType = wrapper.xcdatamodel; path = TinkoffStocks.xcdatamodel; sourceTree = "<group>"; };
		3F95F8572657848300A4A9F3 /* Assets.xcassets */ = {isa = PBXFileReference; lastKnownFileType = folder.assetcatalog; path = Assets.xcassets; sourceTree = "<group>"; };
		3F95F85A2657848300A4A9F3 /* Base */ = {isa = PBXFileReference; lastKnownFileType = file.storyboard; name = Base; path = Base.lproj/LaunchScreen.storyboard; sourceTree = "<group>"; };
		3F95F85C2657848300A4A9F3 /* Info.plist */ = {isa = PBXFileReference; lastKnownFileType = text.plist.xml; path = Info.plist; sourceTree = "<group>"; };
/* End PBXFileReference section */

/* Begin PBXFrameworksBuildPhase section */
		3F95F8452657847E00A4A9F3 /* Frameworks */ = {
			isa = PBXFrameworksBuildPhase;
			buildActionMask = 2147483647;
			files = (
			);
			runOnlyForDeploymentPostprocessing = 0;
		};
/* End PBXFrameworksBuildPhase section */

/* Begin PBXGroup section */
		3F1F705B2706C6ED00CB3C42 /* Helpers */ = {
			isa = PBXGroup;
			children = (
				3F1F705C2706C70100CB3C42 /* Extensions.swift */,
			);
			path = Helpers;
			sourceTree = "<group>";
		};
		3F5E518E26AC3846002F421E /* Views */ = {
			isa = PBXGroup;
			children = (
				3F8C032926FDC94B00B94D39 /* PositionCell.swift */,
				3F54B11026FB228200D8B452 /* AccountCollectionViewCell.swift */,
			);
			path = Views;
			sourceTree = "<group>";
		};
		3F8C032826FDBB1500B94D39 /* Models */ = {
			isa = PBXGroup;
			children = (
				3F8C032426FDBB0A00B94D39 /* PricedPosition.swift */,
				3F8C032526FDBB0A00B94D39 /* TinkoffBroker.swift */,
				3F72986E2711D7E400ADD6C5 /* BrokerUser.swift */,
				3F7298702711EA3E00ADD6C5 /* BrokerAccount.swift */,
			);
			path = Models;
			sourceTree = "<group>";
		};
		3F95F83F2657847E00A4A9F3 = {
			isa = PBXGroup;
			children = (
				3F95F84A2657847E00A4A9F3 /* TinkoffStocks */,
				3F95F8492657847E00A4A9F3 /* Products */,
			);
			sourceTree = "<group>";
		};
		3F95F8492657847E00A4A9F3 /* Products */ = {
			isa = PBXGroup;
			children = (
				3F95F8482657847E00A4A9F3 /* TinkoffStocks.app */,
			);
			name = Products;
			sourceTree = "<group>";
		};
		3F95F84A2657847E00A4A9F3 /* TinkoffStocks */ = {
			isa = PBXGroup;
			children = (
				3F1F705B2706C6ED00CB3C42 /* Helpers */,
				3F8C032826FDBB1500B94D39 /* Models */,
				3F5E518E26AC3846002F421E /* Views */,
				3FB33B4026CBE1DE00436702 /* Controllers */,
				3F95F84B2657847E00A4A9F3 /* AppDelegate.swift */,
				3F95F84D2657847E00A4A9F3 /* SceneDelegate.swift */,
				3F95F8512657847F00A4A9F3 /* Main.storyboard */,
				3F95F8572657848300A4A9F3 /* Assets.xcassets */,
				3F95F8592657848300A4A9F3 /* LaunchScreen.storyboard */,
				3F95F85C2657848300A4A9F3 /* Info.plist */,
				3F95F8542657847F00A4A9F3 /* TinkoffStocks.xcdatamodeld */,
			);
			path = TinkoffStocks;
			sourceTree = "<group>";
		};
		3FB33B4026CBE1DE00436702 /* Controllers */ = {
			isa = PBXGroup;
			children = (
				3F95F84F2657847E00A4A9F3 /* ViewController.swift */,
			);
			path = Controllers;
			sourceTree = "<group>";
		};
/* End PBXGroup section */

/* Begin PBXNativeTarget section */
		3F95F8472657847E00A4A9F3 /* TinkoffStocks */ = {
			isa = PBXNativeTarget;
			buildConfigurationList = 3F95F85F2657848300A4A9F3 /* Build configuration list for PBXNativeTarget "TinkoffStocks" */;
			buildPhases = (
				3F95F8442657847E00A4A9F3 /* Sources */,
				3F95F8452657847E00A4A9F3 /* Frameworks */,
				3F95F8462657847E00A4A9F3 /* Resources */,
			);
			buildRules = (
			);
			dependencies = (
			);
			name = TinkoffStocks;
			productName = TinkoffStocks;
			productReference = 3F95F8482657847E00A4A9F3 /* TinkoffStocks.app */;
			productType = "com.apple.product-type.application";
		};
/* End PBXNativeTarget section */

/* Begin PBXProject section */
		3F95F8402657847E00A4A9F3 /* Project object */ = {
			isa = PBXProject;
			attributes = {
				LastSwiftUpdateCheck = 1250;
				LastUpgradeCheck = 1250;
				TargetAttributes = {
					3F95F8472657847E00A4A9F3 = {
						CreatedOnToolsVersion = 12.5;
					};
				};
			};
			buildConfigurationList = 3F95F8432657847E00A4A9F3 /* Build configuration list for PBXProject "TinkoffStocks" */;
			compatibilityVersion = "Xcode 9.3";
			developmentRegion = en;
			hasScannedForEncodings = 0;
			knownRegions = (
				en,
				Base,
			);
			mainGroup = 3F95F83F2657847E00A4A9F3;
			productRefGroup = 3F95F8492657847E00A4A9F3 /* Products */;
			projectDirPath = "";
			projectRoot = "";
			targets = (
				3F95F8472657847E00A4A9F3 /* TinkoffStocks */,
			);
		};
/* End PBXProject section */

/* Begin PBXResourcesBuildPhase section */
		3F95F8462657847E00A4A9F3 /* Resources */ = {
			isa = PBXResourcesBuildPhase;
			buildActionMask = 2147483647;
			files = (
				3F95F85B2657848300A4A9F3 /* LaunchScreen.storyboard in Resources */,
				3F95F8582657848300A4A9F3 /* Assets.xcassets in Resources */,
				3F95F8532657847F00A4A9F3 /* Main.storyboard in Resources */,
			);
			runOnlyForDeploymentPostprocessing = 0;
		};
/* End PBXResourcesBuildPhase section */

/* Begin PBXSourcesBuildPhase section */
		3F95F8442657847E00A4A9F3 /* Sources */ = {
			isa = PBXSourcesBuildPhase;
			buildActionMask = 2147483647;
			files = (
				3F8C032A26FDC94B00B94D39 /* PositionCell.swift in Sources */,
				3F1F705D2706C70100CB3C42 /* Extensions.swift in Sources */,
				3F8C032626FDBB0A00B94D39 /* PricedPosition.swift in Sources */,
				3F95F8502657847E00A4A9F3 /* ViewController.swift in Sources */,
				3F7298712711EA3E00ADD6C5 /* BrokerAccount.swift in Sources */,
				3F95F84C2657847E00A4A9F3 /* AppDelegate.swift in Sources */,
				3F8C032726FDBB0A00B94D39 /* TinkoffBroker.swift in Sources */,
				3F95F8562657847F00A4A9F3 /* TinkoffStocks.xcdatamodeld in Sources */,
				3F95F84E2657847E00A4A9F3 /* SceneDelegate.swift in Sources */,
				3F72986F2711D7E400ADD6C5 /* BrokerUser.swift in Sources */,
				3F54B11226FB228200D8B452 /* AccountCollectionViewCell.swift in Sources */,
			);
			runOnlyForDeploymentPostprocessing = 0;
		};
/* End PBXSourcesBuildPhase section */

/* Begin PBXVariantGroup section */
		3F95F8512657847F00A4A9F3 /* Main.storyboard */ = {
			isa = PBXVariantGroup;
			children = (
				3F95F8522657847F00A4A9F3 /* Base */,
			);
			name = Main.storyboard;
			sourceTree = "<group>";
		};
		3F95F8592657848300A4A9F3 /* LaunchScreen.storyboard */ = {
			isa = PBXVariantGroup;
			children = (
				3F95F85A2657848300A4A9F3 /* Base */,
			);
			name = LaunchScreen.storyboard;
			sourceTree = "<group>";
		};
/* End PBXVariantGroup section */

/* Begin XCBuildConfiguration section */
		3F95F85D2657848300A4A9F3 /* Debug */ = {
			isa = XCBuildConfiguration;
			buildSettings = {
				ALWAYS_SEARCH_USER_PATHS = NO;
				CLANG_ANALYZER_NONNULL = YES;
				CLANG_ANALYZER_NUMBER_OBJECT_CONVERSION = YES_AGGRESSIVE;
				CLANG_CXX_LANGUAGE_STANDARD = "gnu++14";
				CLANG_CXX_LIBRARY = "libc++";
				CLANG_ENABLE_MODULES = YES;
				CLANG_ENABLE_OBJC_ARC = YES;
				CLANG_ENABLE_OBJC_WEAK = YES;
				CLANG_WARN_BLOCK_CAPTURE_AUTORELEASING = YES;
				CLANG_WARN_BOOL_CONVERSION = YES;
				CLANG_WARN_COMMA = YES;
				CLANG_WARN_CONSTANT_CONVERSION = YES;
				CLANG_WARN_DEPRECATED_OBJC_IMPLEMENTATIONS = YES;
				CLANG_WARN_DIRECT_OBJC_ISA_USAGE = YES_ERROR;
				CLANG_WARN_DOCUMENTATION_COMMENTS = YES;
				CLANG_WARN_EMPTY_BODY = YES;
				CLANG_WARN_ENUM_CONVERSION = YES;
				CLANG_WARN_INFINITE_RECURSION = YES;
				CLANG_WARN_INT_CONVERSION = YES;
				CLANG_WARN_NON_LITERAL_NULL_CONVERSION = YES;
				CLANG_WARN_OBJC_IMPLICIT_RETAIN_SELF = YES;
				CLANG_WARN_OBJC_LITERAL_CONVERSION = YES;
				CLANG_WARN_OBJC_ROOT_CLASS = YES_ERROR;
				CLANG_WARN_QUOTED_INCLUDE_IN_FRAMEWORK_HEADER = YES;
				CLANG_WARN_RANGE_LOOP_ANALYSIS = YES;
				CLANG_WARN_STRICT_PROTOTYPES = YES;
				CLANG_WARN_SUSPICIOUS_MOVE = YES;
				CLANG_WARN_UNGUARDED_AVAILABILITY = YES_AGGRESSIVE;
				CLANG_WARN_UNREACHABLE_CODE = YES;
				CLANG_WARN__DUPLICATE_METHOD_MATCH = YES;
				COPY_PHASE_STRIP = NO;
				DEBUG_INFORMATION_FORMAT = dwarf;
				ENABLE_STRICT_OBJC_MSGSEND = YES;
				ENABLE_TESTABILITY = YES;
				GCC_C_LANGUAGE_STANDARD = gnu11;
				GCC_DYNAMIC_NO_PIC = NO;
				GCC_NO_COMMON_BLOCKS = YES;
				GCC_OPTIMIZATION_LEVEL = 0;
				GCC_PREPROCESSOR_DEFINITIONS = (
					"DEBUG=1",
					"$(inherited)",
				);
				GCC_WARN_64_TO_32_BIT_CONVERSION = YES;
				GCC_WARN_ABOUT_RETURN_TYPE = YES_ERROR;
				GCC_WARN_UNDECLARED_SELECTOR = YES;
				GCC_WARN_UNINITIALIZED_AUTOS = YES_AGGRESSIVE;
				GCC_WARN_UNUSED_FUNCTION = YES;
				GCC_WARN_UNUSED_VARIABLE = YES;
				IPHONEOS_DEPLOYMENT_TARGET = 14.5;
				MTL_ENABLE_DEBUG_INFO = INCLUDE_SOURCE;
				MTL_FAST_MATH = YES;
				ONLY_ACTIVE_ARCH = YES;
				SDKROOT = iphoneos;
				SWIFT_ACTIVE_COMPILATION_CONDITIONS = DEBUG;
				SWIFT_OPTIMIZATION_LEVEL = "-Onone";
			};
			name = Debug;
		};
		3F95F85E2657848300A4A9F3 /* Release */ = {
			isa = XCBuildConfiguration;
			buildSettings = {
				ALWAYS_SEARCH_USER_PATHS = NO;
				CLANG_ANALYZER_NONNULL = YES;
				CLANG_ANALYZER_NUMBER_OBJECT_CONVERSION = YES_AGGRESSIVE;
				CLANG_CXX_LANGUAGE_STANDARD = "gnu++14";
				CLANG_CXX_LIBRARY = "libc++";
				CLANG_ENABLE_MODULES = YES;
				CLANG_ENABLE_OBJC_ARC = YES;
				CLANG_ENABLE_OBJC_WEAK = YES;
				CLANG_WARN_BLOCK_CAPTURE_AUTORELEASING = YES;
				CLANG_WARN_BOOL_CONVERSION = YES;
				CLANG_WARN_COMMA = YES;
				CLANG_WARN_CONSTANT_CONVERSION = YES;
				CLANG_WARN_DEPRECATED_OBJC_IMPLEMENTATIONS = YES;
				CLANG_WARN_DIRECT_OBJC_ISA_USAGE = YES_ERROR;
				CLANG_WARN_DOCUMENTATION_COMMENTS = YES;
				CLANG_WARN_EMPTY_BODY = YES;
				CLANG_WARN_ENUM_CONVERSION = YES;
				CLANG_WARN_INFINITE_RECURSION = YES;
				CLANG_WARN_INT_CONVERSION = YES;
				CLANG_WARN_NON_LITERAL_NULL_CONVERSION = YES;
				CLANG_WARN_OBJC_IMPLICIT_RETAIN_SELF = YES;
				CLANG_WARN_OBJC_LITERAL_CONVERSION = YES;
				CLANG_WARN_OBJC_ROOT_CLASS = YES_ERROR;
				CLANG_WARN_QUOTED_INCLUDE_IN_FRAMEWORK_HEADER = YES;
				CLANG_WARN_RANGE_LOOP_ANALYSIS = YES;
				CLANG_WARN_STRICT_PROTOTYPES = YES;
				CLANG_WARN_SUSPICIOUS_MOVE = YES;
				CLANG_WARN_UNGUARDED_AVAILABILITY = YES_AGGRESSIVE;
				CLANG_WARN_UNREACHABLE_CODE = YES;
				CLANG_WARN__DUPLICATE_METHOD_MATCH = YES;
				COPY_PHASE_STRIP = NO;
				DEBUG_INFORMATION_FORMAT = "dwarf-with-dsym";
				ENABLE_NS_ASSERTIONS = NO;
				ENABLE_STRICT_OBJC_MSGSEND = YES;
				GCC_C_LANGUAGE_STANDARD = gnu11;
				GCC_NO_COMMON_BLOCKS = YES;
				GCC_WARN_64_TO_32_BIT_CONVERSION = YES;
				GCC_WARN_ABOUT_RETURN_TYPE = YES_ERROR;
				GCC_WARN_UNDECLARED_SELECTOR = YES;
				GCC_WARN_UNINITIALIZED_AUTOS = YES_AGGRESSIVE;
				GCC_WARN_UNUSED_FUNCTION = YES;
				GCC_WARN_UNUSED_VARIABLE = YES;
				IPHONEOS_DEPLOYMENT_TARGET = 14.5;
				MTL_ENABLE_DEBUG_INFO = NO;
				MTL_FAST_MATH = YES;
				SDKROOT = iphoneos;
				SWIFT_COMPILATION_MODE = wholemodule;
				SWIFT_OPTIMIZATION_LEVEL = "-O";
				VALIDATE_PRODUCT = YES;
			};
			name = Release;
		};
		3F95F8602657848300A4A9F3 /* Debug */ = {
			isa = XCBuildConfiguration;
			buildSettings = {
				ASSETCATALOG_COMPILER_APPICON_NAME = AppIcon;
				ASSETCATALOG_COMPILER_GLOBAL_ACCENT_COLOR_NAME = AccentColor;
				CODE_SIGN_STYLE = Automatic;
				DEVELOPMENT_TEAM = 47HBGDWK7T;
				INFOPLIST_FILE = TinkoffStocks/Info.plist;
				LD_RUNPATH_SEARCH_PATHS = (
					"$(inherited)",
					"@executable_path/Frameworks",
				);
				PRODUCT_BUNDLE_IDENTIFIER = com.examples.sleepcha.TinkoffStocks;
				PRODUCT_NAME = "$(TARGET_NAME)";
				SWIFT_VERSION = 5.0;
				TARGETED_DEVICE_FAMILY = "1,2";
			};
			name = Debug;
		};
		3F95F8612657848300A4A9F3 /* Release */ = {
			isa = XCBuildConfiguration;
			buildSettings = {
				ASSETCATALOG_COMPILER_APPICON_NAME = AppIcon;
				ASSETCATALOG_COMPILER_GLOBAL_ACCENT_COLOR_NAME = AccentColor;
				CODE_SIGN_STYLE = Automatic;
				DEVELOPMENT_TEAM = 47HBGDWK7T;
				INFOPLIST_FILE = TinkoffStocks/Info.plist;
				LD_RUNPATH_SEARCH_PATHS = (
					"$(inherited)",
					"@executable_path/Frameworks",
				);
				PRODUCT_BUNDLE_IDENTIFIER = com.examples.sleepcha.TinkoffStocks;
				PRODUCT_NAME = "$(TARGET_NAME)";
				SWIFT_VERSION = 5.0;
				TARGETED_DEVICE_FAMILY = "1,2";
			};
			name = Release;
		};
/* End XCBuildConfiguration section */

/* Begin XCConfigurationList section */
		3F95F8432657847E00A4A9F3 /* Build configuration list for PBXProject "TinkoffStocks" */ = {
			isa = XCConfigurationList;
			buildConfigurations = (
				3F95F85D2657848300A4A9F3 /* Debug */,
				3F95F85E2657848300A4A9F3 /* Release */,
			);
			defaultConfigurationIsVisible = 0;
			defaultConfigurationName = Release;
		};
		3F95F85F2657848300A4A9F3 /* Build configuration list for PBXNativeTarget "TinkoffStocks" */ = {
			isa = XCConfigurationList;
			buildConfigurations = (
				3F95F8602657848300A4A9F3 /* Debug */,
				3F95F8612657848300A4A9F3 /* Release */,
			);
			defaultConfigurationIsVisible = 0;
			defaultConfigurationName = Release;
		};
/* End XCConfigurationList section */

/* Begin XCVersionGroup section */
		3F95F8542657847F00A4A9F3 /* TinkoffStocks.xcdatamodeld */ = {
			isa = XCVersionGroup;
			children = (
				3F95F8552657847F00A4A9F3 /* TinkoffStocks.xcdatamodel */,
			);
			currentVersion = 3F95F8552657847F00A4A9F3 /* TinkoffStocks.xcdatamodel */;
			path = TinkoffStocks.xcdatamodeld;
			sourceTree = "<group>";
			versionGroupType = wrapper.xcdatamodel;
		};
/* End XCVersionGroup section */
	};
	rootObject = 3F95F8402657847E00A4A9F3 /* Project object */;
}
